// !$*UTF8*$!
{
	archiveVersion = 1;
	classes = {
	};
	objectVersion = 46;
	objects = {

/* Begin PBXBuildFile section */
		862B54841EDAD71A0005CF4C /* main.m in Sources */ = {isa = PBXBuildFile; fileRef = 862B54831EDAD71A0005CF4C /* main.m */; };
		862B54871EDAD71A0005CF4C /* AppDelegate.m in Sources */ = {isa = PBXBuildFile; fileRef = 862B54861EDAD71A0005CF4C /* AppDelegate.m */; };
		862B548A1EDAD71A0005CF4C /* ViewController.m in Sources */ = {isa = PBXBuildFile; fileRef = 862B54891EDAD71A0005CF4C /* ViewController.m */; };
		862B548D1EDAD71A0005CF4C /* Main.storyboard in Resources */ = {isa = PBXBuildFile; fileRef = 862B548B1EDAD71A0005CF4C /* Main.storyboard */; };
		862B548F1EDAD71A0005CF4C /* Assets.xcassets in Resources */ = {isa = PBXBuildFile; fileRef = 862B548E1EDAD71A0005CF4C /* Assets.xcassets */; };
		862B54921EDAD71A0005CF4C /* LaunchScreen.storyboard in Resources */ = {isa = PBXBuildFile; fileRef = 862B54901EDAD71A0005CF4C /* LaunchScreen.storyboard */; };
/* End PBXBuildFile section */

/* Begin PBXFileReference section */
		862B547F1EDAD71A0005CF4C /* helldd.app */ = {isa = PBXFileReference; explicitFileType = wrapper.application; includeInIndex = 0; path = helldd.app; sourceTree = BUILT_PRODUCTS_DIR; };
		862B54831EDAD71A0005CF4C /* main.m */ = {isa = PBXFileReference; lastKnownFileType = sourcecode.c.objc; path = main.m; sourceTree = "<group>"; };
		862B54851EDAD71A0005CF4C /* AppDelegate.h */ = {isa = PBXFileReference; lastKnownFileType = sourcecode.c.h; path = AppDelegate.h; sourceTree = "<group>"; };
		862B54861EDAD71A0005CF4C /* AppDelegate.m */ = {isa = PBXFileReference; lastKnownFileType = sourcecode.c.objc; path = AppDelegate.m; sourceTree = "<group>"; };
		862B54881EDAD71A0005CF4C /* ViewController.h */ = {isa = PBXFileReference; lastKnownFileType = sourcecode.c.h; path = ViewController.h; sourceTree = "<group>"; };
		862B54891EDAD71A0005CF4C /* ViewController.m */ = {isa = PBXFileReference; lastKnownFileType = sourcecode.c.objc; path = ViewController.m; sourceTree = "<group>"; };
		862B548C1EDAD71A0005CF4C /* Base */ = {isa = PBXFileReference; lastKnownFileType = file.storyboard; name = Base; path = Base.lproj/Main.storyboard; sourceTree = "<group>"; };
		862B548E1EDAD71A0005CF4C /* Assets.xcassets */ = {isa = PBXFileReference; lastKnownFileType = folder.assetcatalog; path = Assets.xcassets; sourceTree = "<group>"; };
		862B54911EDAD71A0005CF4C /* Base */ = {isa = PBXFileReference; lastKnownFileType = file.storyboard; name = Base; path = Base.lproj/LaunchScreen.storyboard; sourceTree = "<group>"; };
		862B54931EDAD71A0005CF4C /* Info.plist */ = {isa = PBXFileReference; lastKnownFileType = text.plist.xml; path = Info.plist; sourceTree = "<group>"; };
/* End PBXFileReference section */

/* Begin PBXFrameworksBuildPhase section */
		862B547C1EDAD71A0005CF4C /* Frameworks */ = {
			isa = PBXFrameworksBuildPhase;
			buildActionMask = 2147483647;
			files = (
			);
			runOnlyForDeploymentPostprocessing = 0;
		};
/* End PBXFrameworksBuildPhase section */

/* Begin PBXGroup section */
		862B54761EDAD71A0005CF4C = {
			isa = PBXGroup;
			children = (
				862B54811EDAD71A0005CF4C /* helldd */,
				862B54801EDAD71A0005CF4C /* Products */,
			);
			sourceTree = "<group>";
		};
		862B54801EDAD71A0005CF4C /* Products */ = {
			isa = PBXGroup;
			children = (
				862B547F1EDAD71A0005CF4C /* helldd.app */,
			);
			name = Products;
			sourceTree = "<group>";
		};
		862B54811EDAD71A0005CF4C /* helldd */ = {
			isa = PBXGroup;
			children = (
				862B54851EDAD71A0005CF4C /* AppDelegate.h */,
				862B54861EDAD71A0005CF4C /* AppDelegate.m */,
				862B54881EDAD71A0005CF4C /* ViewController.h */,
				862B54891EDAD71A0005CF4C /* ViewController.m */,
				862B548B1EDAD71A0005CF4C /* Main.storyboard */,
				862B548E1EDAD71A0005CF4C /* Assets.xcassets */,
				862B54901EDAD71A0005CF4C /* LaunchScreen.storyboard */,
				862B54931EDAD71A0005CF4C /* Info.plist */,
				862B54821EDAD71A0005CF4C /* Supporting Files */,
			);
			path = helldd;
			sourceTree = "<group>";
		};
		862B54821EDAD71A0005CF4C /* Supporting Files */ = {
			isa = PBXGroup;
			children = (
				862B54831EDAD71A0005CF4C /* main.m */,
			);
			name = "Supporting Files";
			sourceTree = "<group>";
		};
/* End PBXGroup section */

/* Begin PBXNativeTarget section */
		862B547E1EDAD71A0005CF4C /* helldd */ = {
			isa = PBXNativeTarget;
			buildConfigurationList = 862B54961EDAD71A0005CF4C /* Build configuration list for PBXNativeTarget "helldd" */;
			buildPhases = (
				862B547B1EDAD71A0005CF4C /* Sources */,
				862B547C1EDAD71A0005CF4C /* Frameworks */,
				862B547D1EDAD71A0005CF4C /* Resources */,
			);
			buildRules = (
			);
			dependencies = (
			);
			name = helldd;
			productName = helldd;
			productReference = 862B547F1EDAD71A0005CF4C /* helldd.app */;
			productType = "com.apple.product-type.application";
		};
/* End PBXNativeTarget section */

/* Begin PBXProject section */
		862B54771EDAD71A0005CF4C /* Project object */ = {
			isa = PBXProject;
			attributes = {
				LastUpgradeCheck = 0830;
				ORGANIZATIONNAME = itheima;
				TargetAttributes = {
					862B547E1EDAD71A0005CF4C = {
						CreatedOnToolsVersion = 8.3.1;
						ProvisioningStyle = Automatic;
					};
				};
			};
			buildConfigurationList = 862B547A1EDAD71A0005CF4C /* Build configuration list for PBXProject "helldd" */;
			compatibilityVersion = "Xcode 3.2";
			developmentRegion = English;
			hasScannedForEncodings = 0;
			knownRegions = (
				en,
				Base,
			);
			mainGroup = 862B54761EDAD71A0005CF4C;
			productRefGroup = 862B54801EDAD71A0005CF4C /* Products */;
			projectDirPath = "";
			projectRoot = "";
			targets = (
				862B547E1EDAD71A0005CF4C /* helldd */,
			);
		};
/* End PBXProject section */

/* Begin PBXResourcesBuildPhase section */
		862B547D1EDAD71A0005CF4C /* Resources */ = {
			isa = PBXResourcesBuildPhase;
			buildActionMask = 2147483647;
			files = (
				862B54921EDAD71A0005CF4C /* LaunchScreen.storyboard in Resources */,
				862B548F1EDAD71A0005CF4C /* Assets.xcassets in Resources */,
				862B548D1EDAD71A0005CF4C /* Main.storyboard in Resources */,
			);
			runOnlyForDeploymentPostprocessing = 0;
		};
/* End PBXResourcesBuildPhase section */

/* Begin PBXSourcesBuildPhase section */
		862B547B1EDAD71A0005CF4C /* Sources */ = {
			isa = PBXSourcesBuildPhase;
			buildActionMask = 2147483647;
			files = (
				862B548A1EDAD71A0005CF4C /* ViewController.m in Sources */,
				862B54871EDAD71A0005CF4C /* AppDelegate.m in Sources */,
				862B54841EDAD71A0005CF4C /* main.m in Sources */,
			);
			runOnlyForDeploymentPostprocessing = 0;
		};
/* End PBXSourcesBuildPhase section */

/* Begin PBXVariantGroup section */
		862B548B1EDAD71A0005CF4C /* Main.storyboard */ = {
			isa = PBXVariantGroup;
			children = (
				862B548C1EDAD71A0005CF4C /* Base */,
			);
			name = Main.storyboard;
			sourceTree = "<group>";
		};
		862B54901EDAD71A0005CF4C /* LaunchScreen.storyboard */ = {
			isa = PBXVariantGroup;
			children = (
				862B54911EDAD71A0005CF4C /* Base */,
			);
			name = LaunchScreen.storyboard;
			sourceTree = "<group>";
		};
/* End PBXVariantGroup section */

/* Begin XCBuildConfiguration section */
		862B54941EDAD71A0005CF4C /* Debug */ = {
			isa = XCBuildConfiguration;
			buildSettings = {
				ALWAYS_SEARCH_USER_PATHS = NO;
				CLANG_ANALYZER_NONNULL = YES;
				CLANG_ANALYZER_NUMBER_OBJECT_CONVERSION = YES_AGGRESSIVE;
				CLANG_CXX_LANGUAGE_STANDARD = "gnu++0x";
				CLANG_CXX_LIBRARY = "libc++";
				CLANG_ENABLE_MODULES = YES;
				CLANG_ENABLE_OBJC_ARC = YES;
				CLANG_WARN_BOOL_CONVERSION = YES;
				CLANG_WARN_CONSTANT_CONVERSION = YES;
				CLANG_WARN_DIRECT_OBJC_ISA_USAGE = YES_ERROR;
				CLANG_WARN_DOCUMENTATION_COMMENTS = YES;
				CLANG_WARN_EMPTY_BODY = YES;
				CLANG_WARN_ENUM_CONVERSION = YES;
				CLANG_WARN_INFINITE_RECURSION = YES;
				CLANG_WARN_INT_CONVERSION = YES;
				CLANG_WARN_OBJC_ROOT_CLASS = YES_ERROR;
				CLANG_WARN_SUSPICIOUS_MOVE = YES;
				CLANG_WARN_UNREACHABLE_CODE = YES;
				CLANG_WARN__DUPLICATE_METHOD_MATCH = YES;
				"CODE_SIGN_IDENTITY[sdk=iphoneos*]" = "iPhone Developer";
				COPY_PHASE_STRIP = NO;
				DEBUG_INFORMATION_FORMAT = dwarf;
				ENABLE_STRICT_OBJC_MSGSEND = YES;
				ENABLE_TESTABILITY = YES;
				GCC_C_LANGUAGE_STANDARD = gnu99;
				GCC_DYNAMIC_NO_PIC = NO;
				GCC_NO_COMMON_BLOCKS = YES;
				GCC_OPTIMIZATION_LEVEL = 0;
				GCC_PREPROCESSOR_DEFINITIONS = (
					"DEBUG=1",
					"$(inherited)",
				);
				GCC_WARN_64_TO_32_BIT_CONVERSION = YES;
				GCC_WARN_ABOUT_RETURN_TYPE = YES_ERROR;
				GCC_WARN_UNDECLARED_SELECTOR = YES;
				GCC_WARN_UNINITIALIZED_AUTOS = YES_AGGRESSIVE;
				GCC_WARN_UNUSED_FUNCTION = YES;
				GCC_WARN_UNUSED_VARIABLE = YES;
				IPHONEOS_DEPLOYMENT_TARGET = 10.3;
				MTL_ENABLE_DEBUG_INFO = YES;
				ONLY_ACTIVE_ARCH = YES;
				SDKROOT = iphoneos;
			};
			name = Debug;
		};
		862B54951EDAD71A0005CF4C /* Release */ = {
			isa = XCBuildConfiguration;
			buildSettings = {
				ALWAYS_SEARCH_USER_PATHS = NO;
				CLANG_ANALYZER_NONNULL = YES;
				CLANG_ANALYZER_NUMBER_OBJECT_CONVERSION = YES_AGGRESSIVE;
				CLANG_CXX_LANGUAGE_STANDARD = "gnu++0x";
				CLANG_CXX_LIBRARY = "libc++";
				CLANG_ENABLE_MODULES = YES;
				CLANG_ENABLE_OBJC_ARC = YES;
				CLANG_WARN_BOOL_CONVERSION = YES;
				CLANG_WARN_CONSTANT_CONVERSION = YES;
				CLANG_WARN_DIRECT_OBJC_ISA_USAGE = YES_ERROR;
				CLANG_WARN_DOCUMENTATION_COMMENTS = YES;
				CLANG_WARN_EMPTY_BODY = YES;
				CLANG_WARN_ENUM_CONVERSION = YES;
				CLANG_WARN_INFINITE_RECURSION = YES;
				CLANG_WARN_INT_CONVERSION = YES;
				CLANG_WARN_OBJC_ROOT_CLASS = YES_ERROR;
				CLANG_WARN_SUSPICIOUS_MOVE = YES;
				CLANG_WARN_UNREACHABLE_CODE = YES;
				CLANG_WARN__DUPLICATE_METHOD_MATCH = YES;
				"CODE_SIGN_IDENTITY[sdk=iphoneos*]" = "iPhone Developer";
				COPY_PHASE_STRIP = NO;
				DEBUG_INFORMATION_FORMAT = "dwarf-with-dsym";
				ENABLE_NS_ASSERTIONS = NO;
				ENABLE_STRICT_OBJC_MSGSEND = YES;
				GCC_C_LANGUAGE_STANDARD = gnu99;
				GCC_NO_COMMON_BLOCKS = YES;
				GCC_WARN_64_TO_32_BIT_CONVERSION = YES;
				GCC_WARN_ABOUT_RETURN_TYPE = YES_ERROR;
				GCC_WARN_UNDECLARED_SELECTOR = YES;
				GCC_WARN_UNINITIALIZED_AUTOS = YES_AGGRESSIVE;
				GCC_WARN_UNUSED_FUNCTION = YES;
				GCC_WARN_UNUSED_VARIABLE = YES;
				IPHONEOS_DEPLOYMENT_TARGET = 10.3;
				MTL_ENABLE_DEBUG_INFO = NO;
				SDKROOT = iphoneos;
				VALIDATE_PRODUCT = YES;
			};
			name = Release;
		};
		862B54971EDAD71A0005CF4C /* Debug */ = {
			isa = XCBuildConfiguration;
			buildSettings = {
				ASSETCATALOG_COMPILER_APPICON_NAME = AppIcon;
				INFOPLIST_FILE = helldd/Info.plist;
				LD_RUNPATH_SEARCH_PATHS = "$(inherited) @executable_path/Frameworks";
				PRODUCT_BUNDLE_IDENTIFIER = com.itheima.helldd;
				PRODUCT_NAME = "$(TARGET_NAME)";
			};
			name = Debug;
		};
		862B54981EDAD71A0005CF4C /* Release */ = {
			isa = XCBuildConfiguration;
			buildSettings = {
				ASSETCATALOG_COMPILER_APPICON_NAME = AppIcon;
				INFOPLIST_FILE = helldd/Info.plist;
				LD_RUNPATH_SEARCH_PATHS = "$(inherited) @executable_path/Frameworks";
				PRODUCT_BUNDLE_IDENTIFIER = com.itheima.helldd;
				PRODUCT_NAME = "$(TARGET_NAME)";
			};
			name = Release;
		};
/* End XCBuildConfiguration section */

/* Begin XCConfigurationList section */
		862B547A1EDAD71A0005CF4C /* Build configuration list for PBXProject "helldd" */ = {
			isa = XCConfigurationList;
			buildConfigurations = (
				862B54941EDAD71A0005CF4C /* Debug */,
				862B54951EDAD71A0005CF4C /* Release */,
			);
			defaultConfigurationIsVisible = 0;
			defaultConfigurationName = Release;
		};
		862B54961EDAD71A0005CF4C /* Build configuration list for PBXNativeTarget "helldd" */ = {
			isa = XCConfigurationList;
			buildConfigurations = (
				862B54971EDAD71A0005CF4C /* Debug */,
				862B54981EDAD71A0005CF4C /* Release */,
			);
			defaultConfigurationIsVisible = 0;
		};
/* End XCConfigurationList section */
	};
	rootObject = 862B54771EDAD71A0005CF4C /* Project object */;
}
